
Microsoft Visual Studio Solution File, Format Version 12.00
# Visual Studio Version 17
VisualStudioVersion = 17.14.36518.9 d17.14
MinimumVisualStudioVersion = 10.0.40219.1
Project("{FAE04EC0-301F-11D3-BF4B-00C04F79EFBC}") = "bai tap buoi 3 bai 4", "bai tap buoi 3 bai 4.csproj", "{5A20D740-CB55-41A0-9736-65DAF1FD001C}"
EndProject
Global
	GlobalSection(SolutionConfigurationPlatforms) = preSolution
		Debug|Any CPU = Debug|Any CPU
		Release|Any CPU = Release|Any CPU
	EndGlobalSection
	GlobalSection(ProjectConfigurationPlatforms) = postSolution
		{5A20D740-CB55-41A0-9736-65DAF1FD001C}.Debug|Any CPU.ActiveCfg = Debug|Any CPU
		{5A20D740-CB55-41A0-9736-65DAF1FD001C}.Debug|Any CPU.Build.0 = Debug|Any CPU
		{5A20D740-CB55-41A0-9736-65DAF1FD001C}.Release|Any CPU.ActiveCfg = Release|Any CPU
		{5A20D740-CB55-41A0-9736-65DAF1FD001C}.Release|Any CPU.Build.0 = Release|Any CPU
	EndGlobalSection
	GlobalSection(SolutionProperties) = preSolution
		HideSolutionNode = FALSE
	EndGlobalSection
	GlobalSection(ExtensibilityGlobals) = postSolution
		SolutionGuid = {83510D78-505F-42D7-8A49-C82015CA7D9C}
	EndGlobalSection
EndGlobal
